
Microsoft Visual Studio Solution File, Format Version 12.00
# Visual Studio 15
VisualStudioVersion = 15.0.26730.15
MinimumVisualStudioVersion = 10.0.40219.1
Project("{FAE04EC0-301F-11D3-BF4B-00C04F79EFBC}") = "BookStore", "BookStore\BookStore.csproj", "{E690C6E7-0C6E-44D9-94AD-5050C44619BB}"
EndProject
Global
	GlobalSection(SolutionConfigurationPlatforms) = preSolution
		Debug|Any CPU = Debug|Any CPU
		Release|Any CPU = Release|Any CPU
	EndGlobalSection
	GlobalSection(ProjectConfigurationPlatforms) = postSolution
		{E690C6E7-0C6E-44D9-94AD-5050C44619BB}.Debug|Any CPU.ActiveCfg = Debug|Any CPU
		{E690C6E7-0C6E-44D9-94AD-5050C44619BB}.Debug|Any CPU.Build.0 = Debug|Any CPU
		{E690C6E7-0C6E-44D9-94AD-5050C44619BB}.Release|Any CPU.ActiveCfg = Release|Any CPU
		{E690C6E7-0C6E-44D9-94AD-5050C44619BB}.Release|Any CPU.Build.0 = Release|Any CPU
	EndGlobalSection
	GlobalSection(SolutionProperties) = preSolution
		HideSolutionNode = FALSE
	EndGlobalSection
	GlobalSection(ExtensibilityGlobals) = postSolution
		SolutionGuid = {2612D99F-AEC7-486F-8116-5A5A5860A8BD}
	EndGlobalSection
EndGlobal
